# This file is autogenerated, do not edit; changes may be undone by the next 'dep ensure'.


[[projects]]
  name = "github.com/mushroomsir/logger"
  packages = [
    "alog",
    "pkg"
  ]
  revision = "86df9db80c274dc80f4a8568ee20117f415a3a53"
  version = "v1.1.0"

[[projects]]
  branch = "master"
  name = "golang.org/x/net"
  packages = [
    "bpf",
    "internal/iana",
    "internal/socket",
    "ipv4"
  ]
  revision = "8e0cdda24ed423affc8f35c241e5e9b16180338e"

[solve-meta]
  analyzer-name = "dep"
  analyzer-version = 1
  inputs-digest = "0df650ea67fc356758d0ed48f3adedd907eb7c740b83ee6b252d38541e8b97d1"
  solver-name = "gps-cdcl"
  solver-version = 1
